{
  "name": "root",
  "requires": true,
  "lockfileVersion": 1,
  "dependencies": {
    "@ant-design/colors": {
      "version": "6.0.0",
      "resolved": "https://registry.npm.taobao.org/@ant-design/colors/download/@ant-design/colors-6.0.0.tgz",
      "integrity": "sha1-m5NmJXz/zEfbQrnQIDu1ksE8Apg=",
      "requires": {
        "@ctrl/tinycolor": "^3.4.0"
      }
    },
    "@ant-design/icons": {
      "version": "4.7.0",
      "resolved": "https://registry.npmmirror.com/@ant-design/icons/download/@ant-design/icons-4.7.0.tgz",
      "integrity": "sha1-jDy+ClVrqSr13H0ecMCyW1F5rw8=",
      "requires": {
        "@ant-design/colors": "^6.0.0",
        "@ant-design/icons-svg": "^4.2.1",
        "@babel/runtime": "^7.11.2",
        "classnames": "^2.2.6",
        "rc-util": "^5.9.4"
      }
    },
    "@ant-design/icons-svg": {
      "version": "4.2.1",
      "resolved": "https://registry.npmmirror.com/@ant-design/icons-svg/download/@ant-design/icons-svg-4.2.1.tgz",
      "integrity": "sha1-hjDajrRHGkqr2u19H/apfcss8Fo="
    },
    "@ant-design/react-slick": {
      "version": "0.28.4",
      "resolved": "https://registry.nlark.com/@ant-design/react-slick/download/@ant-design/react-slick-0.28.4.tgz",
      "integrity": "sha1-iylrh618euh38qUnuBt+69ndKak=",
      "requires": {
        "@babel/runtime": "^7.10.4",
        "classnames": "^2.2.5",
        "json2mq": "^0.2.0",
        "lodash": "^4.17.21",
        "resize-observer-polyfill": "^1.5.0"
      }
    },
    "@babel/runtime": {
      "version": "7.16.3",
      "resolved": "https://registry.npmmirror.com/@babel/runtime/download/@babel/runtime-7.16.3.tgz?cache=0&sync_timestamp=1636550057460&other_urls=https%3A%2F%2Fregistry.npmmirror.com%2F%40babel%2Fruntime%2Fdownload%2F%40babel%2Fruntime-7.16.3.tgz",
      "integrity": "sha512-WBwekcqacdY2e9AF/Q7WLFUWmdJGJTkbjqTjoMDgXkVZ3ZRUvOPsLb5KdwISoQVsbP+DQzVZW4Zhci0DvpbNTQ==",
      "requires": {
        "regenerator-runtime": "^0.13.4"
      }
    },
    "@ctrl/tinycolor": {
      "version": "3.4.0",
      "resolved": "https://registry.npm.taobao.org/@ctrl/tinycolor/download/@ctrl/tinycolor-3.4.0.tgz",
      "integrity": "sha1-w8WuVDyJfKqcKmhjC+01W+X5mQ8="
    },
    "antd": {
      "version": "4.17.3",
      "resolved": "https://registry.npmmirror.com/antd/download/antd-4.17.3.tgz",
      "integrity": "sha512-enA6rsOAGtw0uN+khzvPoCui9j6m1ZvtAHY2IWC/mOUIwfycC8iuToND9ptAqeNF5yX8RZhFubmcc7Xeqk6wWg==",
      "requires": {
        "@ant-design/colors": "^6.0.0",
        "@ant-design/icons": "^4.7.0",
        "@ant-design/react-slick": "~0.28.1",
        "@babel/runtime": "^7.12.5",
        "@ctrl/tinycolor": "^3.4.0",
        "array-tree-filter": "^2.1.0",
        "classnames": "^2.2.6",
        "copy-to-clipboard": "^3.2.0",
        "lodash": "^4.17.21",
        "memoize-one": "^6.0.0",
        "moment": "^2.25.3",
        "rc-cascader": "~2.3.0",
        "rc-checkbox": "~2.3.0",
        "rc-collapse": "~3.1.0",
        "rc-dialog": "~8.6.0",
        "rc-drawer": "~4.4.2",
        "rc-dropdown": "~3.2.0",
        "rc-field-form": "~1.21.0",
        "rc-image": "~5.2.5",
        "rc-input-number": "~7.3.0",
        "rc-mentions": "~1.6.1",
        "rc-menu": "~9.0.12",
        "rc-motion": "^2.4.4",
        "rc-notification": "~4.5.7",
        "rc-pagination": "~3.1.9",
        "rc-picker": "~2.5.17",
        "rc-progress": "~3.1.0",
        "rc-rate": "~2.9.0",
        "rc-resize-observer": "^1.1.0",
        "rc-select": "~13.2.1",
        "rc-slider": "~9.7.4",
        "rc-steps": "~4.1.0",
        "rc-switch": "~3.2.0",
        "rc-table": "~7.19.0",
        "rc-tabs": "~11.10.0",
        "rc-textarea": "~0.3.0",
        "rc-tooltip": "~5.1.1",
        "rc-tree": "~5.3.0",
        "rc-tree-select": "~4.8.0",
        "rc-trigger": "^5.2.10",
        "rc-upload": "~4.3.0",
        "rc-util": "^5.14.0",
        "scroll-into-view-if-needed": "^2.2.25"
      }
    },
    "array-tree-filter": {
      "version": "2.1.0",
      "resolved": "https://registry.nlark.com/array-tree-filter/download/array-tree-filter-2.1.0.tgz",
      "integrity": "sha1-hzrAD+yDdJ8lWsjdCDgUtPYykZA="
    },
    "async-validator": {
      "version": "4.0.7",
      "resolved": "https://registry.npmmirror.com/async-validator/download/async-validator-4.0.7.tgz?cache=0&sync_timestamp=1634529574100&other_urls=https%3A%2F%2Fregistry.npmmirror.com%2Fasync-validator%2Fdownload%2Fasync-validator-4.0.7.tgz",
      "integrity": "sha1-A0oP0hA6ay6/AQ2nUYO+wpkkev4="
    },
    "classnames": {
      "version": "2.3.1",
      "resolved": "https://registry.npm.taobao.org/classnames/download/classnames-2.3.1.tgz",
      "integrity": "sha1-38+jiR4wbsHa0QXQ6I9EF7hTXo4="
    },
    "compute-scroll-into-view": {
      "version": "1.0.17",
      "resolved": "https://registry.npm.taobao.org/compute-scroll-into-view/download/compute-scroll-into-view-1.0.17.tgz",
      "integrity": "sha1-aojxis2dQunPS6pr7H4FImB6t6s="
    },
    "copy-to-clipboard": {
      "version": "3.3.1",
      "resolved": "https://registry.npm.taobao.org/copy-to-clipboard/download/copy-to-clipboard-3.3.1.tgz",
      "integrity": "sha1-EVqhqZmP+rYZb5MHatbaO5E2Yq4=",
      "requires": {
        "toggle-selection": "^1.0.6"
      }
    },
    "date-fns": {
      "version": "2.22.1",
      "resolved": "https://registry.nlark.com/date-fns/download/date-fns-2.22.1.tgz?cache=0&sync_timestamp=1622203607219&other_urls=https%3A%2F%2Fregistry.nlark.com%2Fdate-fns%2Fdownload%2Fdate-fns-2.22.1.tgz",
      "integrity": "sha1-Hlr5WYMeux2CmSv2e3ZQUtjw78Q="
    },
    "dayjs": {
      "version": "1.10.7",
      "resolved": "https://registry.nlark.com/dayjs/download/dayjs-1.10.7.tgz?cache=0&sync_timestamp=1631266519235&other_urls=https%3A%2F%2Fregistry.nlark.com%2Fdayjs%2Fdownload%2Fdayjs-1.10.7.tgz",
      "integrity": "sha1-LPX5Gt0oEWdIRAhmoKHSbzps5Gg="
    },
    "dom-align": {
      "version": "1.12.2",
      "resolved": "https://registry.nlark.com/dom-align/download/dom-align-1.12.2.tgz",
      "integrity": "sha1-D4Fk69DJwhsMeQMQSTzYVYkqzUs="
    },
    "js-tokens": {
      "version": "4.0.0",
      "resolved": "https://registry.nlark.com/js-tokens/download/js-tokens-4.0.0.tgz",
      "integrity": "sha1-GSA/tZmR35jjoocFDUZHzerzJJk="
    },
    "json2mq": {
      "version": "0.2.0",
      "resolved": "https://registry.npm.taobao.org/json2mq/download/json2mq-0.2.0.tgz",
      "integrity": "sha1-tje9O6nqvhIsg+lyBIOusQ0skEo=",
      "requires": {
        "string-convert": "^0.2.0"
      }
    },
    "lodash": {
      "version": "4.17.21",
      "resolved": "https://registry.nlark.com/lodash/download/lodash-4.17.21.tgz?cache=0&sync_timestamp=1618847150612&other_urls=https%3A%2F%2Fregistry.nlark.com%2Flodash%2Fdownload%2Flodash-4.17.21.tgz",
      "integrity": "sha1-Z5WRxWTDv/quhFTPCz3zcMPWkRw="
    },
    "loose-envify": {
      "version": "1.4.0",
      "resolved": "https://registry.npm.taobao.org/loose-envify/download/loose-envify-1.4.0.tgz",
      "integrity": "sha1-ce5R+nvkyuwaY4OffmgtgTLTDK8=",
      "requires": {
        "js-tokens": "^3.0.0 || ^4.0.0"
      }
    },
    "memoize-one": {
      "version": "6.0.0",
      "resolved": "https://registry.npmmirror.com/memoize-one/download/memoize-one-6.0.0.tgz",
      "integrity": "sha1-slkbhx7YKUiu5HJ9xqvO7qyMEEU="
    },
    "moment": {
      "version": "2.29.1",
      "resolved": "https://registry.npm.taobao.org/moment/download/moment-2.29.1.tgz?cache=0&other_urls=https%3A%2F%2Fregistry.npm.taobao.org%2Fmoment%2Fdownload%2Fmoment-2.29.1.tgz",
      "integrity": "sha1-sr52n6MZQL6e7qZGnAdeNQBvo9M="
    },
    "randombytes": {
      "version": "2.1.0",
      "resolved": "https://registry.nlark.com/randombytes/download/randombytes-2.1.0.tgz",
      "integrity": "sha1-32+ENy8CcNxlzfYpE0mrekc9Tyo=",
      "requires": {
        "safe-buffer": "^5.1.0"
      }
    },
    "rc-align": {
      "version": "4.0.11",
      "resolved": "https://registry.nlark.com/rc-align/download/rc-align-4.0.11.tgz?cache=0&other_urls=https%3A%2F%2Fregistry.nlark.com%2Frc-align%2Fdownload%2Frc-align-4.0.11.tgz",
      "integrity": "sha1-gZjGLbJmvBuO8F5WwTJ1v3Jiil4=",
      "requires": {
        "@babel/runtime": "^7.10.1",
        "classnames": "2.x",
        "dom-align": "^1.7.0",
        "lodash": "^4.17.21",
        "rc-util": "^5.3.0",
        "resize-observer-polyfill": "^1.5.1"
      }
    },
    "rc-cascader": {
      "version": "2.3.1",
      "resolved": "https://registry.npmmirror.com/rc-cascader/download/rc-cascader-2.3.1.tgz",
      "integrity": "sha512-TY3c4ous8Y5zOrcMPq4jwXUITkmQrNyoGCfda1MRiEOFnfR0e4JSYRyZUylb9CohVPmktZ3Ptz82KmQ7qHNK6Q==",
      "requires": {
        "@babel/runtime": "^7.12.5",
        "array-tree-filter": "^2.1.0",
        "classnames": "^2.3.1",
        "rc-tree-select": "~4.8.0",
        "rc-trigger": "^5.0.4",
        "rc-util": "^5.6.1",
        "warning": "^4.0.1"
      }
    },
    "rc-checkbox": {
      "version": "2.3.2",
      "resolved": "https://registry.npm.taobao.org/rc-checkbox/download/rc-checkbox-2.3.2.tgz",
      "integrity": "sha1-+Rs2eMftsrqoEhyUg8Zk+m8K78E=",
      "requires": {
        "@babel/runtime": "^7.10.1",
        "classnames": "^2.2.1"
      }
    },
    "rc-collapse": {
      "version": "3.1.2",
      "resolved": "https://registry.nlark.com/rc-collapse/download/rc-collapse-3.1.2.tgz",
      "integrity": "sha1-dgKKgRuEXQPZRgzMQJx+qK0J2xQ=",
      "requires": {
        "@babel/runtime": "^7.10.1",
        "classnames": "2.x",
        "rc-motion": "^2.3.4",
        "rc-util": "^5.2.1",
        "shallowequal": "^1.1.0"
      }
    },
    "rc-dialog": {
      "version": "8.6.0",
      "resolved": "https://registry.nlark.com/rc-dialog/download/rc-dialog-8.6.0.tgz?cache=0&sync_timestamp=1627272051827&other_urls=https%3A%2F%2Fregistry.nlark.com%2Frc-dialog%2Fdownload%2Frc-dialog-8.6.0.tgz",
      "integrity": "sha1-OyKNrAhd5e7YxiN/MRYhBGh0Quc=",
      "requires": {
        "@babel/runtime": "^7.10.1",
        "classnames": "^2.2.6",
        "rc-motion": "^2.3.0",
        "rc-util": "^5.6.1"
      }
    },
    "rc-drawer": {
      "version": "4.4.3",
      "resolved": "https://registry.npmmirror.com/rc-drawer/download/rc-drawer-4.4.3.tgz?cache=0&sync_timestamp=1637134392366&other_urls=https%3A%2F%2Fregistry.npmmirror.com%2Frc-drawer%2Fdownload%2Frc-drawer-4.4.3.tgz",
      "integrity": "sha512-FYztwRs3uXnFOIf1hLvFxIQP9MiZJA+0w+Os8dfDh/90X7z/HqP/Yg+noLCIeHEbKln1Tqelv8ymCAN24zPcfQ==",
      "requires": {
        "@babel/runtime": "^7.10.1",
        "classnames": "^2.2.6",
        "rc-util": "^5.7.0"
      }
    },
    "rc-dropdown": {
      "version": "3.2.0",
      "resolved": "https://registry.nlark.com/rc-dropdown/download/rc-dropdown-3.2.0.tgz",
      "integrity": "sha1-2mwq2kA4QrruOp6Qmgsakbo+EJA=",
      "requires": {
        "@babel/runtime": "^7.10.1",
        "classnames": "^2.2.6",
        "rc-trigger": "^5.0.4"
      }
    },
    "rc-field-form": {
      "version": "1.21.2",
      "resolved": "https://registry.npmmirror.com/rc-field-form/download/rc-field-form-1.21.2.tgz?cache=0&other_urls=https%3A%2F%2Fregistry.npmmirror.com%2Frc-field-form%2Fdownload%2Frc-field-form-1.21.2.tgz",
      "integrity": "sha1-hb2h7gBq6fHRRuEAAzfGm0u20QE=",
      "requires": {
        "@babel/runtime": "^7.8.4",
        "async-validator": "^4.0.2",
        "rc-util": "^5.8.0"
      }
    },
    "rc-image": {
      "version": "5.2.5",
      "resolved": "https://registry.nlark.com/rc-image/download/rc-image-5.2.5.tgz?cache=0&sync_timestamp=1627889032895&other_urls=https%3A%2F%2Fregistry.nlark.com%2Frc-image%2Fdownload%2Frc-image-5.2.5.tgz",
      "integrity": "sha1-ROb/yEJiaCeWDnq3LhwNbzqM5EA=",
      "requires": {
        "@babel/runtime": "^7.11.2",
        "classnames": "^2.2.6",
        "rc-dialog": "~8.6.0",
        "rc-util": "^5.0.6"
      }
    },
    "rc-input-number": {
      "version": "7.3.4",
      "resolved": "https://registry.npmmirror.com/rc-input-number/download/rc-input-number-7.3.4.tgz",
      "integrity": "sha512-W9uqSzuvJUnz8H8vsVY4kx+yK51SsAxNTwr8SNH4G3XqQNocLVmKIibKFRjocnYX1RDHMND9FFbgj2h7E7nvGA==",
      "requires": {
        "@babel/runtime": "^7.10.1",
        "classnames": "^2.2.5",
        "rc-util": "^5.9.8"
      }
    },
    "rc-mentions": {
      "version": "1.6.1",
      "resolved": "https://registry.nlark.com/rc-mentions/download/rc-mentions-1.6.1.tgz?cache=0&sync_timestamp=1621867143484&other_urls=https%3A%2F%2Fregistry.nlark.com%2Frc-mentions%2Fdownload%2Frc-mentions-1.6.1.tgz",
      "integrity": "sha1-RgNQJ9ZKoz74QLoPvUEYceNGF64=",
      "requires": {
        "@babel/runtime": "^7.10.1",
        "classnames": "^2.2.6",
        "rc-menu": "^9.0.0",
        "rc-textarea": "^0.3.0",
        "rc-trigger": "^5.0.4",
        "rc-util": "^5.0.1"
      }
    },
    "rc-menu": {
      "version": "9.0.14",
      "resolved": "https://registry.npmmirror.com/rc-menu/download/rc-menu-9.0.14.tgz",
      "integrity": "sha1-KJvaSi9sXrsySOLjBdUs8Mc8udU=",
      "requires": {
        "@babel/runtime": "^7.10.1",
        "classnames": "2.x",
        "rc-motion": "^2.4.3",
        "rc-overflow": "^1.2.0",
        "rc-trigger": "^5.1.2",
        "rc-util": "^5.12.0",
        "shallowequal": "^1.1.0"
      }
    },
    "rc-motion": {
      "version": "2.4.4",
      "resolved": "https://registry.nlark.com/rc-motion/download/rc-motion-2.4.4.tgz?cache=0&other_urls=https%3A%2F%2Fregistry.nlark.com%2Frc-motion%2Fdownload%2Frc-motion-2.4.4.tgz",
      "integrity": "sha1-6ZXV+iT8kwZcJPcUhXzyZ31lW7A=",
      "requires": {
        "@babel/runtime": "^7.11.1",
        "classnames": "^2.2.1",
        "rc-util": "^5.2.1"
      }
    },
    "rc-notification": {
      "version": "4.5.7",
      "resolved": "https://registry.nlark.com/rc-notification/download/rc-notification-4.5.7.tgz",
      "integrity": "sha1-Jl5uagwaD6xj1qvU2DLrj/MVIvE=",
      "requires": {
        "@babel/runtime": "^7.10.1",
        "classnames": "2.x",
        "rc-motion": "^2.2.0",
        "rc-util": "^5.0.1"
      }
    },
    "rc-overflow": {
      "version": "1.2.2",
      "resolved": "https://registry.nlark.com/rc-overflow/download/rc-overflow-1.2.2.tgz",
      "integrity": "sha1-lbAiIBbAzb3A24X1acJi53BqXyI=",
      "requires": {
        "@babel/runtime": "^7.11.1",
        "classnames": "^2.2.1",
        "rc-resize-observer": "^1.0.0",
        "rc-util": "^5.5.1"
      }
    },
    "rc-pagination": {
      "version": "3.1.14",
      "resolved": "https://registry.npmmirror.com/rc-pagination/download/rc-pagination-3.1.14.tgz",
      "integrity": "sha512-tcugvxrtPiVU00Uh0IwC8NIUlxa4KtA9pXcaMNJdSHeO2uQqVkHEwllsULTAWRF3zRV2ozo2weP/DRKIUrX+Zg==",
      "requires": {
        "@babel/runtime": "^7.10.1",
        "classnames": "^2.2.1"
      }
    },
    "rc-picker": {
      "version": "2.5.19",
      "resolved": "https://registry.npmmirror.com/rc-picker/download/rc-picker-2.5.19.tgz",
      "integrity": "sha1-c9B1RvrDmS8L+r8niWVKyto55G8=",
      "requires": {
        "@babel/runtime": "^7.10.1",
        "classnames": "^2.2.1",
        "date-fns": "2.x",
        "dayjs": "1.x",
        "moment": "^2.24.0",
        "rc-trigger": "^5.0.4",
        "rc-util": "^5.4.0",
        "shallowequal": "^1.1.0"
      }
    },
    "rc-progress": {
      "version": "3.1.4",
      "resolved": "https://registry.nlark.com/rc-progress/download/rc-progress-3.1.4.tgz?cache=0&sync_timestamp=1621251898787&other_urls=https%3A%2F%2Fregistry.nlark.com%2Frc-progress%2Fdownload%2Frc-progress-3.1.4.tgz",
      "integrity": "sha1-ZgQND659jO0rOFiDeOzLKGS61hU=",
      "requires": {
        "@babel/runtime": "^7.10.1",
        "classnames": "^2.2.6"
      }
    },
    "rc-rate": {
      "version": "2.9.1",
      "resolved": "https://registry.nlark.com/rc-rate/download/rc-rate-2.9.1.tgz",
      "integrity": "sha1-5Dy5XE65CiweCxbsZhTYxDUwpzE=",
      "requires": {
        "@babel/runtime": "^7.10.1",
        "classnames": "^2.2.5",
        "rc-util": "^5.0.1"
      }
    },
    "rc-resize-observer": {
      "version": "1.1.1",
      "resolved": "https://registry.npmmirror.com/rc-resize-observer/download/rc-resize-observer-1.1.1.tgz",
      "integrity": "sha512-5A3B9ha297ItltzXl812WFE36SyRDTNclfrXE3FL1pEwXkBh7iSEzxjzfwsPeMcF9ahy3ZoxLgLuRksXBGGD6A==",
      "requires": {
        "@babel/runtime": "^7.10.1",
        "classnames": "^2.2.1",
        "rc-util": "^5.15.0",
        "resize-observer-polyfill": "^1.5.1"
      }
    },
    "rc-select": {
      "version": "13.2.1",
      "resolved": "https://registry.npmmirror.com/rc-select/download/rc-select-13.2.1.tgz",
      "integrity": "sha512-L2cJFAjVEeDiNVa/dlOVKE79OUb0J7sUBvWN3Viav3XHcjvv9Ovn4D8J9QhBSlDXeGuczZ81CZI3BbdHD25+Gg==",
      "requires": {
        "@babel/runtime": "^7.10.1",
        "classnames": "2.x",
        "rc-motion": "^2.0.1",
        "rc-overflow": "^1.0.0",
        "rc-trigger": "^5.0.4",
        "rc-util": "^5.9.8",
        "rc-virtual-list": "^3.2.0"
      }
    },
    "rc-slider": {
      "version": "9.7.5",
      "resolved": "https://registry.npmmirror.com/rc-slider/download/rc-slider-9.7.5.tgz",
      "integrity": "sha512-LV/MWcXFjco1epPbdw1JlLXlTgmWpB9/Y/P2yinf8Pg3wElHxA9uajN21lJiWtZjf5SCUekfSP6QMJfDo4t1hg==",
      "requires": {
        "@babel/runtime": "^7.10.1",
        "classnames": "^2.2.5",
        "rc-tooltip": "^5.0.1",
        "rc-util": "^5.16.1",
        "shallowequal": "^1.1.0"
      }
    },
    "rc-steps": {
      "version": "4.1.4",
      "resolved": "https://registry.npmmirror.com/rc-steps/download/rc-steps-4.1.4.tgz",
      "integrity": "sha1-C6gtsgLVnKUtBpPcmIDdFFsZ3CM=",
      "requires": {
        "@babel/runtime": "^7.10.2",
        "classnames": "^2.2.3",
        "rc-util": "^5.0.1"
      }
    },
    "rc-switch": {
      "version": "3.2.2",
      "resolved": "https://registry.npm.taobao.org/rc-switch/download/rc-switch-3.2.2.tgz",
      "integrity": "sha1-0AH3fxJmTVJZW09vtCXdnmb7qOg=",
      "requires": {
        "@babel/runtime": "^7.10.1",
        "classnames": "^2.2.1",
        "rc-util": "^5.0.1"
      }
    },
    "rc-table": {
      "version": "7.19.2",
      "resolved": "https://registry.npmmirror.com/rc-table/download/rc-table-7.19.2.tgz",
      "integrity": "sha512-NdpnoM50MK02H5/hGOsObfxCvGFUG5cHB9turE5BKJ81T5Ycbq193w5tLhnpILXe//Oanzr47MdMxkUnVGP+qg==",
      "requires": {
        "@babel/runtime": "^7.10.1",
        "classnames": "^2.2.5",
        "rc-resize-observer": "^1.0.0",
        "rc-util": "^5.14.0",
        "shallowequal": "^1.1.0"
      }
    },
    "rc-tabs": {
      "version": "11.10.5",
      "resolved": "https://registry.npmmirror.com/rc-tabs/download/rc-tabs-11.10.5.tgz",
      "integrity": "sha512-DDuUdV6b9zGRYLtjI5hyejWLKoz1QiLWNgMeBzc3aMeQylZFhTYnFGdDc6HRqj5IYearNTsFPVSA+6VIT8g5cg==",
      "requires": {
        "@babel/runtime": "^7.11.2",
        "classnames": "2.x",
        "rc-dropdown": "^3.2.0",
        "rc-menu": "^9.0.0",
        "rc-resize-observer": "^1.0.0",
        "rc-util": "^5.5.0"
      }
    },
    "rc-textarea": {
      "version": "0.3.5",
      "resolved": "https://registry.nlark.com/rc-textarea/download/rc-textarea-0.3.5.tgz",
      "integrity": "sha1-B+1EXd25TlrmdkZ2kjpJvdrZsuw=",
      "requires": {
        "@babel/runtime": "^7.10.1",
        "classnames": "^2.2.1",
        "rc-resize-observer": "^1.0.0",
        "rc-util": "^5.7.0"
      }
    },
    "rc-tooltip": {
      "version": "5.1.1",
      "resolved": "https://registry.nlark.com/rc-tooltip/download/rc-tooltip-5.1.1.tgz",
      "integrity": "sha1-lBeO0WLQJSvEmTtyX13CrA/M8VQ=",
      "requires": {
        "@babel/runtime": "^7.11.2",
        "rc-trigger": "^5.0.0"
      }
    },
    "rc-tree": {
      "version": "5.3.2",
      "resolved": "https://registry.npmmirror.com/rc-tree/download/rc-tree-5.3.2.tgz",
      "integrity": "sha512-ypPn6BTDupBM3WozPe7bZoaAV/7nomg8Yket/YfvkSiTkAjkUW3APzO6MpYLgMrQaPTGHcIeFXpgU5ZusNFQwg==",
      "requires": {
        "@babel/runtime": "^7.10.1",
        "classnames": "2.x",
        "rc-motion": "^2.0.1",
        "rc-util": "^5.16.1",
        "rc-virtual-list": "^3.4.1"
      }
    },
    "rc-tree-select": {
      "version": "4.8.0",
      "resolved": "https://registry.npmmirror.com/rc-tree-select/download/rc-tree-select-4.8.0.tgz",
      "integrity": "sha512-evuVIF7GHCGDdvISdBWl4ZYmG/8foof/RDtzCu/WFLA1tFKZD77RRC3khEsjh4WgsB0vllLe7j+ODJ7jHRcDRQ==",
      "requires": {
        "@babel/runtime": "^7.10.1",
        "classnames": "2.x",
        "rc-select": "~13.2.1",
        "rc-tree": "~5.3.0",
        "rc-util": "^5.7.0"
      }
    },
    "rc-trigger": {
      "version": "5.2.10",
      "resolved": "https://registry.nlark.com/rc-trigger/download/rc-trigger-5.2.10.tgz?cache=0&other_urls=https%3A%2F%2Fregistry.nlark.com%2Frc-trigger%2Fdownload%2Frc-trigger-5.2.10.tgz",
      "integrity": "sha1-igBXqUCxuQJ+qjO+7IpuzYXM4rE=",
      "requires": {
        "@babel/runtime": "^7.11.2",
        "classnames": "^2.2.6",
        "rc-align": "^4.0.0",
        "rc-motion": "^2.0.0",
        "rc-util": "^5.5.0"
      }
    },
    "rc-upload": {
      "version": "4.3.3",
      "resolved": "https://registry.npmmirror.com/rc-upload/download/rc-upload-4.3.3.tgz",
      "integrity": "sha512-YoJ0phCRenMj1nzwalXzciKZ9/FAaCrFu84dS5pphwucTC8GUWClcDID/WWNGsLFcM97NqIboDqrV82rVRhW/w==",
      "requires": {
        "@babel/runtime": "^7.10.1",
        "classnames": "^2.2.5",
        "rc-util": "^5.2.0"
      }
    },
    "rc-util": {
      "version": "5.16.1",
      "resolved": "https://registry.npmmirror.com/rc-util/download/rc-util-5.16.1.tgz",
      "integrity": "sha512-kSCyytvdb3aRxQacS/71ta6c+kBWvM1v8/2h9d/HaNWauc3qB8pLnF20PJ8NajkNN8gb+rR1l0eWO+D4Pz+LLQ==",
      "requires": {
        "@babel/runtime": "^7.12.5",
        "react-is": "^16.12.0",
        "shallowequal": "^1.1.0"
      }
    },
    "rc-virtual-list": {
      "version": "3.4.2",
      "resolved": "https://registry.npmmirror.com/rc-virtual-list/download/rc-virtual-list-3.4.2.tgz",
      "integrity": "sha1-EHgyeqcjC15FbWee0s6Z88A269E=",
      "requires": {
        "classnames": "^2.2.6",
        "rc-resize-observer": "^1.0.0",
        "rc-util": "^5.0.7"
      }
    },
    "react-is": {
      "version": "16.13.1",
      "resolved": "https://registry.npmmirror.com/react-is/download/react-is-16.13.1.tgz",
      "integrity": "sha1-eJcppNw23imZ3BVt1sHZwYzqVqQ="
    },
    "reflect-metadata": {
      "version": "0.1.13",
      "resolved": "https://registry.nlark.com/reflect-metadata/download/reflect-metadata-0.1.13.tgz",
      "integrity": "sha1-Z648pXyXKiqhZCsQ/jY/4y1J3Ag="
    },
    "regenerator-runtime": {
      "version": "0.13.9",
      "resolved": "https://registry.nlark.com/regenerator-runtime/download/regenerator-runtime-0.13.9.tgz?cache=0&sync_timestamp=1626993001371&other_urls=https%3A%2F%2Fregistry.nlark.com%2Fregenerator-runtime%2Fdownload%2Fregenerator-runtime-0.13.9.tgz",
      "integrity": "sha1-iSV0Kpj/2QgUmI11Zq0wyjsmO1I="
    },
    "resize-observer-polyfill": {
      "version": "1.5.1",
      "resolved": "https://registry.nlark.com/resize-observer-polyfill/download/resize-observer-polyfill-1.5.1.tgz?cache=0&sync_timestamp=1618846967396&other_urls=https%3A%2F%2Fregistry.nlark.com%2Fresize-observer-polyfill%2Fdownload%2Fresize-observer-polyfill-1.5.1.tgz",
      "integrity": "sha1-DpAg3T0hAkRY1OvSfiPkAmmBBGQ="
    },
    "safe-buffer": {
      "version": "5.2.1",
      "resolved": "https://registry.nlark.com/safe-buffer/download/safe-buffer-5.2.1.tgz",
      "integrity": "sha1-Hq+fqb2x/dTsdfWPnNtOa3gn7sY="
    },
    "scroll-into-view-if-needed": {
      "version": "2.2.28",
      "resolved": "https://registry.npmmirror.com/scroll-into-view-if-needed/download/scroll-into-view-if-needed-2.2.28.tgz",
      "integrity": "sha1-WhWy9YpSZCyIyOylhGROAXA9ZFo=",
      "requires": {
        "compute-scroll-into-view": "^1.0.17"
      }
    },
    "serialize-javascript": {
      "version": "5.0.1",
      "resolved": "https://registry.nlark.com/serialize-javascript/download/serialize-javascript-5.0.1.tgz?cache=0&sync_timestamp=1624284111898&other_urls=https%3A%2F%2Fregistry.nlark.com%2Fserialize-javascript%2Fdownload%2Fserialize-javascript-5.0.1.tgz",
      "integrity": "sha1-eIbshIBJpGJGepfT2Rjrsqr5NPQ=",
      "requires": {
        "randombytes": "^2.1.0"
      }
    },
    "shallowequal": {
      "version": "1.1.0",
      "resolved": "https://registry.npm.taobao.org/shallowequal/download/shallowequal-1.1.0.tgz",
      "integrity": "sha1-GI1SHelbkIdAT9TctosT3wrk5/g="
    },
    "string-convert": {
      "version": "0.2.1",
      "resolved": "https://registry.nlark.com/string-convert/download/string-convert-0.2.1.tgz",
      "integrity": "sha1-aYLMMEn7tM2F+LJFaLnZvznu/5c="
    },
    "toggle-selection": {
      "version": "1.0.6",
      "resolved": "https://registry.npm.taobao.org/toggle-selection/download/toggle-selection-1.0.6.tgz",
      "integrity": "sha1-bkWxJj8gF/oKzH2J14sVuL932jI="
    },
    "warning": {
      "version": "4.0.3",
      "resolved": "https://registry.nlark.com/warning/download/warning-4.0.3.tgz",
      "integrity": "sha1-Fungd+uKhtavfWSqHgX9hbRnjKM=",
      "requires": {
        "loose-envify": "^1.0.0"
      }
    }
  }
}
